{
    "_readme": [
        "This file locks the dependencies of your project to a known state",
        "Read more about it at https://getcomposer.org/doc/01-basic-usage.md#installing-dependencies",
        "This file is @generated automatically"
    ],
    "content-hash": "34cb2a5cfdda777ddee4492a6b125f2f",
    "packages": [
        {
            "name": "datadog/dd-trace",
            "version": "1.11.0",
            "source": {
                "type": "git",
                "url": "https://github.com/DataDog/dd-trace-php",
                "reference": "b1f5af7d99cf672c39efba74e083b5ae66a71ac5"
            },
            "dist": {
                "type": "zip",
                "url": "https://api.github.com/repos/DataDog/dd-trace-php/zipball/b1f5af7d99cf672c39efba74e083b5ae66a71ac5",
                "reference": "b1f5af7d99cf672c39efba74e083b5ae66a71ac5",
                "shasum": ""
            },
            "require": {
                "ext-curl": "*",
                "ext-json": "*",
                "php": "^7.0 || ^8.0.0"
            },
            "require-dev": {
                "ext-posix": "*",
                "g1a/composer-test-scenarios": "~3.0",
                "mockery/mockery": "*",
                "phpunit/phpunit": "<10",
                "squizlabs/php_codesniffer": "^3.3.0",
                "symfony/process": "<5"
            },
            "type": "library",
            "extra": {
                "scenarios": {
                    "openai": {
                        "require": {
                            "openai-php/client": "@stable"
                        },
                        "scenario-options": {
                            "create-lockfile": false
                        }
                    },
                    "opentracing10": {
                        "require": {
                            "opentracing/opentracing": "^1.0"
                        },
                        "scenario-options": {
                            "create-lockfile": false
                        }
                    },
                    "opentelemetry1": {
                        "require": {
                            "open-telemetry/sdk": "@stable",
                            "open-telemetry/extension-propagator-b3": "@stable",
                            "open-telemetry/opentelemetry-logger-monolog": "@stable"
                        },
                        "scenario-options": {
                            "create-lockfile": false
                        }
                    },
                    "opentracing_beta5": {
                        "require": {
                            "opentracing/opentracing": "1.0.0-beta5"
                        },
                        "scenario-options": {
                            "create-lockfile": false
                        }
                    },
                    "opentracing_beta6": {
                        "require": {
                            "opentracing/opentracing": "1.0.0-beta6"
                        },
                        "scenario-options": {
                            "create-lockfile": false
                        }
                    }
                },
                "scenario-options": {
                    "dependency-licenses": false
                }
            },
            "autoload": {
                "psr-4": {
                    "DDTrace\\": "./src/api/"
                }
            },
            "notification-url": "https://packagist.org/downloads/",
            "license": [
                "BSD-3-Clause"
            ],
            "authors": [
                {
                    "name": "José Carlos Chávez",
                    "email": "jcchavezs@gmail.com"
                },
                {
                    "name": "DataDog",
                    "email": "dev@datadoghq.com",
                    "role": "Developer"
                }
            ],
            "description": "PHP APM Client",
            "keywords": [
                "DataDog",
                "php",
                "tracing"
            ],
            "time": "2025-07-29T15:52:46+00:00"
        }
    ],
    "packages-dev": [],
    "aliases": [],
    "minimum-stability": "stable",
    "stability-flags": {},
    "prefer-stable": false,
    "prefer-lowest": false,
    "platform": {},
    "platform-dev": {},
    "plugin-api-version": "2.6.0"
}
